{
  "name": "snowpack-demo",
  "version": "1.0.0",
  "lockfileVersion": 1,
  "requires": true,
  "dependencies": {
    "htm": {
      "version": "3.0.3",
      "resolved": "https://registry.npmjs.org/htm/-/htm-3.0.3.tgz",
      "integrity": "sha512-+LZu7FSZJNo/mGhF5zOgyLdcYTQ8brOqwJFXwP/F/Q9IyvBp3HcYT1tk5A6rf67NEW0VEV+2Y8O4pMGmBIci/w=="
    },
    "preact": {
      "version": "10.3.2",
      "resolved": "https://registry.npmjs.org/preact/-/preact-10.3.2.tgz",
      "integrity": "sha512-yIx4i7gp45enhzX4SLkvvR20UZ+YOUbMdj2KEscU/dC70MHv/L6dpTcsP+4sXrU9SRbA3GjJQQCPfFa5sE17dQ=="
    }
  }
}
